
Microsoft Visual Studio Solution File, Format Version 12.00
# Visual Studio 15
VisualStudioVersion = 15.0.27703.2035
MinimumVisualStudioVersion = 10.0.40219.1
Project("{FAE04EC0-301F-11D3-BF4B-00C04F79EFBC}") = "Samples.MVVM", "Samples.MVVM\Samples.MVVM.csproj", "{1B53DF2A-BB88-4DC6-83CD-60A59004D9B0}"
EndProject
Project("{FAE04EC0-301F-11D3-BF4B-00C04F79EFBC}") = "Sample.Entities", "Sample.Entities\Sample.Entities.csproj", "{23359724-9A93-4052-BCA2-5C3EB224DFBD}"
EndProject
Project("{FAE04EC0-301F-11D3-BF4B-00C04F79EFBC}") = "Samples.Repository", "Samples.Repository\Samples.Repository.csproj", "{B7D502E3-FC53-436E-B284-0E3D82DE1FFC}"
EndProject
Global
	GlobalSection(SolutionConfigurationPlatforms) = preSolution
		Debug|Any CPU = Debug|Any CPU
		Release|Any CPU = Release|Any CPU
	EndGlobalSection
	GlobalSection(ProjectConfigurationPlatforms) = postSolution
		{1B53DF2A-BB88-4DC6-83CD-60A59004D9B0}.Debug|Any CPU.ActiveCfg = Debug|Any CPU
		{1B53DF2A-BB88-4DC6-83CD-60A59004D9B0}.Debug|Any CPU.Build.0 = Debug|Any CPU
		{1B53DF2A-BB88-4DC6-83CD-60A59004D9B0}.Release|Any CPU.ActiveCfg = Release|Any CPU
		{1B53DF2A-BB88-4DC6-83CD-60A59004D9B0}.Release|Any CPU.Build.0 = Release|Any CPU
		{23359724-9A93-4052-BCA2-5C3EB224DFBD}.Debug|Any CPU.ActiveCfg = Debug|Any CPU
		{23359724-9A93-4052-BCA2-5C3EB224DFBD}.Debug|Any CPU.Build.0 = Debug|Any CPU
		{23359724-9A93-4052-BCA2-5C3EB224DFBD}.Release|Any CPU.ActiveCfg = Release|Any CPU
		{23359724-9A93-4052-BCA2-5C3EB224DFBD}.Release|Any CPU.Build.0 = Release|Any CPU
		{B7D502E3-FC53-436E-B284-0E3D82DE1FFC}.Debug|Any CPU.ActiveCfg = Debug|Any CPU
		{B7D502E3-FC53-436E-B284-0E3D82DE1FFC}.Debug|Any CPU.Build.0 = Debug|Any CPU
		{B7D502E3-FC53-436E-B284-0E3D82DE1FFC}.Release|Any CPU.ActiveCfg = Release|Any CPU
		{B7D502E3-FC53-436E-B284-0E3D82DE1FFC}.Release|Any CPU.Build.0 = Release|Any CPU
	EndGlobalSection
	GlobalSection(SolutionProperties) = preSolution
		HideSolutionNode = FALSE
	EndGlobalSection
	GlobalSection(ExtensibilityGlobals) = postSolution
		SolutionGuid = {8BE936D9-E21E-4D6E-9334-E3EB26937592}
	EndGlobalSection
EndGlobal
