
Microsoft Visual Studio Solution File, Format Version 12.00
# Visual Studio 15
VisualStudioVersion = 15.0.27703.2035
MinimumVisualStudioVersion = 10.0.40219.1
Project("{FAE04EC0-301F-11D3-BF4B-00C04F79EFBC}") = "Samples.MVVM", "Samples.MVVM\Samples.MVVM.csproj", "{1B53DF2A-BB88-4DC6-83CD-60A59004D9B0}"
EndProject
Project("{FAE04EC0-301F-11D3-BF4B-00C04F79EFBC}") = "Samples.Entities", "ClassLibrary2\Samples.Entities.csproj", "{A5FB89DA-86E1-41EE-8A4F-E99255EF34DC}"
EndProject
Project("{FAE04EC0-301F-11D3-BF4B-00C04F79EFBC}") = "Sample.Repository", "ClassLibrary3\Sample.Repository.csproj", "{E386C921-0990-47CA-AA42-031FD1BCCF8E}"
EndProject
Global
	GlobalSection(SolutionConfigurationPlatforms) = preSolution
		Debug|Any CPU = Debug|Any CPU
		Release|Any CPU = Release|Any CPU
	EndGlobalSection
	GlobalSection(ProjectConfigurationPlatforms) = postSolution
		{1B53DF2A-BB88-4DC6-83CD-60A59004D9B0}.Debug|Any CPU.ActiveCfg = Debug|Any CPU
		{1B53DF2A-BB88-4DC6-83CD-60A59004D9B0}.Debug|Any CPU.Build.0 = Debug|Any CPU
		{1B53DF2A-BB88-4DC6-83CD-60A59004D9B0}.Release|Any CPU.ActiveCfg = Release|Any CPU
		{1B53DF2A-BB88-4DC6-83CD-60A59004D9B0}.Release|Any CPU.Build.0 = Release|Any CPU
		{A5FB89DA-86E1-41EE-8A4F-E99255EF34DC}.Debug|Any CPU.ActiveCfg = Debug|Any CPU
		{A5FB89DA-86E1-41EE-8A4F-E99255EF34DC}.Debug|Any CPU.Build.0 = Debug|Any CPU
		{A5FB89DA-86E1-41EE-8A4F-E99255EF34DC}.Release|Any CPU.ActiveCfg = Release|Any CPU
		{A5FB89DA-86E1-41EE-8A4F-E99255EF34DC}.Release|Any CPU.Build.0 = Release|Any CPU
		{E386C921-0990-47CA-AA42-031FD1BCCF8E}.Debug|Any CPU.ActiveCfg = Debug|Any CPU
		{E386C921-0990-47CA-AA42-031FD1BCCF8E}.Debug|Any CPU.Build.0 = Debug|Any CPU
		{E386C921-0990-47CA-AA42-031FD1BCCF8E}.Release|Any CPU.ActiveCfg = Release|Any CPU
		{E386C921-0990-47CA-AA42-031FD1BCCF8E}.Release|Any CPU.Build.0 = Release|Any CPU
	EndGlobalSection
	GlobalSection(SolutionProperties) = preSolution
		HideSolutionNode = FALSE
	EndGlobalSection
	GlobalSection(ExtensibilityGlobals) = postSolution
		SolutionGuid = {8BE936D9-E21E-4D6E-9334-E3EB26937592}
	EndGlobalSection
EndGlobal
